
Microsoft Visual Studio Solution File, Format Version 12.00
# Visual Studio 14
VisualStudioVersion = 14.0.24720.0
MinimumVisualStudioVersion = 10.0.40219.1
Project("{FAE04EC0-301F-11D3-BF4B-00C04F79EFBC}") = "Genguid", "Genguid\Genguid.csproj", "{5F02464C-17A1-4D33-986C-D8788C70ABDB}"
EndProject
Project("{FAE04EC0-301F-11D3-BF4B-00C04F79EFBC}") = "Genguid.Extensions", "Genguid.Extensions\Genguid.Extensions.csproj", "{1208AC2E-B3C4-42A8-A622-598683717473}"
EndProject
Project("{FAE04EC0-301F-11D3-BF4B-00C04F79EFBC}") = "Genguid.UI", "Genguid.UI\Genguid.UI.csproj", "{8364DD95-2851-4963-8F51-979D52D15C90}"
EndProject
Project("{FAE04EC0-301F-11D3-BF4B-00C04F79EFBC}") = "Genguid.Launcher", "Genguid.Launcher\Genguid.Launcher.csproj", "{4F2F4F20-49A9-4549-966F-2F55798A5D95}"
EndProject
Global
	GlobalSection(SolutionConfigurationPlatforms) = preSolution
		Debug|Any CPU = Debug|Any CPU
		Release|Any CPU = Release|Any CPU
	EndGlobalSection
	GlobalSection(ProjectConfigurationPlatforms) = postSolution
		{5F02464C-17A1-4D33-986C-D8788C70ABDB}.Debug|Any CPU.ActiveCfg = Debug|Any CPU
		{5F02464C-17A1-4D33-986C-D8788C70ABDB}.Debug|Any CPU.Build.0 = Debug|Any CPU
		{5F02464C-17A1-4D33-986C-D8788C70ABDB}.Release|Any CPU.ActiveCfg = Release|Any CPU
		{5F02464C-17A1-4D33-986C-D8788C70ABDB}.Release|Any CPU.Build.0 = Release|Any CPU
		{1208AC2E-B3C4-42A8-A622-598683717473}.Debug|Any CPU.ActiveCfg = Debug|Any CPU
		{1208AC2E-B3C4-42A8-A622-598683717473}.Debug|Any CPU.Build.0 = Debug|Any CPU
		{1208AC2E-B3C4-42A8-A622-598683717473}.Release|Any CPU.ActiveCfg = Release|Any CPU
		{1208AC2E-B3C4-42A8-A622-598683717473}.Release|Any CPU.Build.0 = Release|Any CPU
		{8364DD95-2851-4963-8F51-979D52D15C90}.Debug|Any CPU.ActiveCfg = Debug|Any CPU
		{8364DD95-2851-4963-8F51-979D52D15C90}.Debug|Any CPU.Build.0 = Debug|Any CPU
		{8364DD95-2851-4963-8F51-979D52D15C90}.Release|Any CPU.ActiveCfg = Release|Any CPU
		{8364DD95-2851-4963-8F51-979D52D15C90}.Release|Any CPU.Build.0 = Release|Any CPU
		{4F2F4F20-49A9-4549-966F-2F55798A5D95}.Debug|Any CPU.ActiveCfg = Debug|Any CPU
		{4F2F4F20-49A9-4549-966F-2F55798A5D95}.Debug|Any CPU.Build.0 = Debug|Any CPU
		{4F2F4F20-49A9-4549-966F-2F55798A5D95}.Release|Any CPU.ActiveCfg = Release|Any CPU
		{4F2F4F20-49A9-4549-966F-2F55798A5D95}.Release|Any CPU.Build.0 = Release|Any CPU
	EndGlobalSection
	GlobalSection(SolutionProperties) = preSolution
		HideSolutionNode = FALSE
	EndGlobalSection
EndGlobal
